
Microsoft Visual Studio Solution File, Format Version 12.00
# Visual Studio Version 17
VisualStudioVersion = 17.9.34607.119
MinimumVisualStudioVersion = 10.0.40219.1
Project("{9A19103F-16F7-4668-BE54-9A1E7A4F7556}") = "BIOSBuddy", "BIOSBuddy\BIOSBuddy.csproj", "{F13BEB47-88EC-40AF-B71C-6E90EF134656}"
EndProject
Project("{9A19103F-16F7-4668-BE54-9A1E7A4F7556}") = "ClassLibraryCommon", "DCSFPCommon\src\ClassLibraryCommon\ClassLibraryCommon.csproj", "{08961F4C-8F13-409B-B343-C30713524A1C}"
EndProject
Project("{9A19103F-16F7-4668-BE54-9A1E7A4F7556}") = "DCS-BIOS", "DCSFPCommon\src\DCS-BIOS\DCS-BIOS.csproj", "{CFADF8D4-7C15-4EBB-82D2-8CE9C9A285E7}"
EndProject
Global
	GlobalSection(SolutionConfigurationPlatforms) = preSolution
		Debug|Any CPU = Debug|Any CPU
		Release|Any CPU = Release|Any CPU
	EndGlobalSection
	GlobalSection(ProjectConfigurationPlatforms) = postSolution
		{F13BEB47-88EC-40AF-B71C-6E90EF134656}.Debug|Any CPU.ActiveCfg = Debug|Any CPU
		{F13BEB47-88EC-40AF-B71C-6E90EF134656}.Debug|Any CPU.Build.0 = Debug|Any CPU
		{F13BEB47-88EC-40AF-B71C-6E90EF134656}.Release|Any CPU.ActiveCfg = Release|Any CPU
		{F13BEB47-88EC-40AF-B71C-6E90EF134656}.Release|Any CPU.Build.0 = Release|Any CPU
		{08961F4C-8F13-409B-B343-C30713524A1C}.Debug|Any CPU.ActiveCfg = Debug|Any CPU
		{08961F4C-8F13-409B-B343-C30713524A1C}.Debug|Any CPU.Build.0 = Debug|Any CPU
		{08961F4C-8F13-409B-B343-C30713524A1C}.Release|Any CPU.ActiveCfg = Release|Any CPU
		{08961F4C-8F13-409B-B343-C30713524A1C}.Release|Any CPU.Build.0 = Release|Any CPU
		{CFADF8D4-7C15-4EBB-82D2-8CE9C9A285E7}.Debug|Any CPU.ActiveCfg = Debug|Any CPU
		{CFADF8D4-7C15-4EBB-82D2-8CE9C9A285E7}.Debug|Any CPU.Build.0 = Debug|Any CPU
		{CFADF8D4-7C15-4EBB-82D2-8CE9C9A285E7}.Release|Any CPU.ActiveCfg = Release|Any CPU
		{CFADF8D4-7C15-4EBB-82D2-8CE9C9A285E7}.Release|Any CPU.Build.0 = Release|Any CPU
	EndGlobalSection
	GlobalSection(SolutionProperties) = preSolution
		HideSolutionNode = FALSE
	EndGlobalSection
	GlobalSection(ExtensibilityGlobals) = postSolution
		SolutionGuid = {7000B22E-D048-44DC-9A3A-1A29A42ACB2A}
	EndGlobalSection
EndGlobal
